
Microsoft Visual Studio Solution File, Format Version 12.00
# Visual Studio Version 16
VisualStudioVersion = 16.0.28803.452
MinimumVisualStudioVersion = 10.0.40219.1
Project("{FAE04EC0-301F-11D3-BF4B-00C04F79EFBC}") = "GatewayAPI", "GatewayAPI\GatewayAPI.csproj", "{BD5257A4-F624-4276-B77D-4D1CD6576CA7}"
EndProject
Project("{FAE04EC0-301F-11D3-BF4B-00C04F79EFBC}") = "Domain", "Domain\Domain.csproj", "{DC2B7C2A-403F-4854-9666-B60D23A45DBA}"
EndProject
Project("{FAE04EC0-301F-11D3-BF4B-00C04F79EFBC}") = "Infra.Data", "Infra.Data\Infra.Data.csproj", "{C5D8A1A7-3B3A-4565-A275-54B48EC68E45}"
EndProject
Project("{FAE04EC0-301F-11D3-BF4B-00C04F79EFBC}") = "Service", "Services\Service.csproj", "{6D9985B1-8222-4B47-AF38-CE162D79FFBB}"
EndProject
Project("{FAE04EC0-301F-11D3-BF4B-00C04F79EFBC}") = "Teste", "Teste\Teste.csproj", "{D4777202-D8EB-4ACE-8102-A32A5CA590D7}"
EndProject
Global
	GlobalSection(SolutionConfigurationPlatforms) = preSolution
		Debug|Any CPU = Debug|Any CPU
		Release|Any CPU = Release|Any CPU
	EndGlobalSection
	GlobalSection(ProjectConfigurationPlatforms) = postSolution
		{BD5257A4-F624-4276-B77D-4D1CD6576CA7}.Debug|Any CPU.ActiveCfg = Debug|Any CPU
		{BD5257A4-F624-4276-B77D-4D1CD6576CA7}.Debug|Any CPU.Build.0 = Debug|Any CPU
		{BD5257A4-F624-4276-B77D-4D1CD6576CA7}.Release|Any CPU.ActiveCfg = Release|Any CPU
		{BD5257A4-F624-4276-B77D-4D1CD6576CA7}.Release|Any CPU.Build.0 = Release|Any CPU
		{DC2B7C2A-403F-4854-9666-B60D23A45DBA}.Debug|Any CPU.ActiveCfg = Debug|Any CPU
		{DC2B7C2A-403F-4854-9666-B60D23A45DBA}.Debug|Any CPU.Build.0 = Debug|Any CPU
		{DC2B7C2A-403F-4854-9666-B60D23A45DBA}.Release|Any CPU.ActiveCfg = Release|Any CPU
		{DC2B7C2A-403F-4854-9666-B60D23A45DBA}.Release|Any CPU.Build.0 = Release|Any CPU
		{C5D8A1A7-3B3A-4565-A275-54B48EC68E45}.Debug|Any CPU.ActiveCfg = Debug|Any CPU
		{C5D8A1A7-3B3A-4565-A275-54B48EC68E45}.Debug|Any CPU.Build.0 = Debug|Any CPU
		{C5D8A1A7-3B3A-4565-A275-54B48EC68E45}.Release|Any CPU.ActiveCfg = Release|Any CPU
		{C5D8A1A7-3B3A-4565-A275-54B48EC68E45}.Release|Any CPU.Build.0 = Release|Any CPU
		{6D9985B1-8222-4B47-AF38-CE162D79FFBB}.Debug|Any CPU.ActiveCfg = Debug|Any CPU
		{6D9985B1-8222-4B47-AF38-CE162D79FFBB}.Debug|Any CPU.Build.0 = Debug|Any CPU
		{6D9985B1-8222-4B47-AF38-CE162D79FFBB}.Release|Any CPU.ActiveCfg = Release|Any CPU
		{6D9985B1-8222-4B47-AF38-CE162D79FFBB}.Release|Any CPU.Build.0 = Release|Any CPU
		{D4777202-D8EB-4ACE-8102-A32A5CA590D7}.Debug|Any CPU.ActiveCfg = Debug|Any CPU
		{D4777202-D8EB-4ACE-8102-A32A5CA590D7}.Debug|Any CPU.Build.0 = Debug|Any CPU
		{D4777202-D8EB-4ACE-8102-A32A5CA590D7}.Release|Any CPU.ActiveCfg = Release|Any CPU
		{D4777202-D8EB-4ACE-8102-A32A5CA590D7}.Release|Any CPU.Build.0 = Release|Any CPU
	EndGlobalSection
	GlobalSection(SolutionProperties) = preSolution
		HideSolutionNode = FALSE
	EndGlobalSection
	GlobalSection(ExtensibilityGlobals) = postSolution
		SolutionGuid = {52E63F73-D043-4716-9CAB-58FB0CD067D9}
	EndGlobalSection
EndGlobal
